// !$*UTF8*$!
{
	archiveVersion = 1;
	classes = {
	};
	objectVersion = 46;
	objects = {

/* Begin PBXBuildFile section */
		7F76A43C1E15506800DF8E3C /* main.m in Sources */ = {isa = PBXBuildFile; fileRef = 7F76A43B1E15506800DF8E3C /* main.m */; };
		7F76A43F1E15506800DF8E3C /* AppDelegate.m in Sources */ = {isa = PBXBuildFile; fileRef = 7F76A43E1E15506800DF8E3C /* AppDelegate.m */; };
		7F76A4421E15506800DF8E3C /* ViewController.m in Sources */ = {isa = PBXBuildFile; fileRef = 7F76A4411E15506800DF8E3C /* ViewController.m */; };
		7F76A4451E15506800DF8E3C /* Main.storyboard in Resources */ = {isa = PBXBuildFile; fileRef = 7F76A4431E15506800DF8E3C /* Main.storyboard */; };
		7F76A4471E15506800DF8E3C /* Assets.xcassets in Resources */ = {isa = PBXBuildFile; fileRef = 7F76A4461E15506800DF8E3C /* Assets.xcassets */; };
		7F76A44A1E15506800DF8E3C /* LaunchScreen.storyboard in Resources */ = {isa = PBXBuildFile; fileRef = 7F76A4481E15506800DF8E3C /* LaunchScreen.storyboard */; };
		7F76A4551E15506900DF8E3C /* zlfTests.m in Sources */ = {isa = PBXBuildFile; fileRef = 7F76A4541E15506900DF8E3C /* zlfTests.m */; };
		7F76A4601E15506900DF8E3C /* zlfUITests.m in Sources */ = {isa = PBXBuildFile; fileRef = 7F76A45F1E15506900DF8E3C /* zlfUITests.m */; };
		EC4DB7F9288FFDE92D4776B8 /* Pods_zlf.framework in Frameworks */ = {isa = PBXBuildFile; fileRef = 28AB8E9152FAAB08B51912D6 /* Pods_zlf.framework */; };
/* End PBXBuildFile section */

/* Begin PBXContainerItemProxy section */
		7F76A4511E15506900DF8E3C /* PBXContainerItemProxy */ = {
			isa = PBXContainerItemProxy;
			containerPortal = 7F76A42F1E15506800DF8E3C /* Project object */;
			proxyType = 1;
			remoteGlobalIDString = 7F76A4361E15506800DF8E3C;
			remoteInfo = zlf;
		};
		7F76A45C1E15506900DF8E3C /* PBXContainerItemProxy */ = {
			isa = PBXContainerItemProxy;
			containerPortal = 7F76A42F1E15506800DF8E3C /* Project object */;
			proxyType = 1;
			remoteGlobalIDString = 7F76A4361E15506800DF8E3C;
			remoteInfo = zlf;
		};
/* End PBXContainerItemProxy section */

/* Begin PBXFileReference section */
		28AB8E9152FAAB08B51912D6 /* Pods_zlf.framework */ = {isa = PBXFileReference; explicitFileType = wrapper.framework; includeInIndex = 0; path = Pods_zlf.framework; sourceTree = BUILT_PRODUCTS_DIR; };
		5A4F0F46B1736737552E299B /* Pods-zlf.debug.xcconfig */ = {isa = PBXFileReference; includeInIndex = 1; lastKnownFileType = text.xcconfig; name = "Pods-zlf.debug.xcconfig"; path = "Pods/Target Support Files/Pods-zlf/Pods-zlf.debug.xcconfig"; sourceTree = "<group>"; };
		7F76A4371E15506800DF8E3C /* zlf.app */ = {isa = PBXFileReference; explicitFileType = wrapper.application; includeInIndex = 0; path = zlf.app; sourceTree = BUILT_PRODUCTS_DIR; };
		7F76A43B1E15506800DF8E3C /* main.m */ = {isa = PBXFileReference; lastKnownFileType = sourcecode.c.objc; path = main.m; sourceTree = "<group>"; };
		7F76A43D1E15506800DF8E3C /* AppDelegate.h */ = {isa = PBXFileReference; lastKnownFileType = sourcecode.c.h; path = AppDelegate.h; sourceTree = "<group>"; };
		7F76A43E1E15506800DF8E3C /* AppDelegate.m */ = {isa = PBXFileReference; lastKnownFileType = sourcecode.c.objc; path = AppDelegate.m; sourceTree = "<group>"; };
		7F76A4401E15506800DF8E3C /* ViewController.h */ = {isa = PBXFileReference; lastKnownFileType = sourcecode.c.h; path = ViewController.h; sourceTree = "<group>"; };
		7F76A4411E15506800DF8E3C /* ViewController.m */ = {isa = PBXFileReference; lastKnownFileType = sourcecode.c.objc; path = ViewController.m; sourceTree = "<group>"; };
		7F76A4441E15506800DF8E3C /* Base */ = {isa = PBXFileReference; lastKnownFileType = file.storyboard; name = Base; path = Base.lproj/Main.storyboard; sourceTree = "<group>"; };
		7F76A4461E15506800DF8E3C /* Assets.xcassets */ = {isa = PBXFileReference; lastKnownFileType = folder.assetcatalog; path = Assets.xcassets; sourceTree = "<group>"; };
		7F76A4491E15506800DF8E3C /* Base */ = {isa = PBXFileReference; lastKnownFileType = file.storyboard; name = Base; path = Base.lproj/LaunchScreen.storyboard; sourceTree = "<group>"; };
		7F76A44B1E15506800DF8E3C /* Info.plist */ = {isa = PBXFileReference; lastKnownFileType = text.plist.xml; path = Info.plist; sourceTree = "<group>"; };
		7F76A4501E15506900DF8E3C /* zlfTests.xctest */ = {isa = PBXFileReference; explicitFileType = wrapper.cfbundle; includeInIndex = 0; path = zlfTests.xctest; sourceTree = BUILT_PRODUCTS_DIR; };
		7F76A4541E15506900DF8E3C /* zlfTests.m */ = {isa = PBXFileReference; lastKnownFileType = sourcecode.c.objc; path = zlfTests.m; sourceTree = "<group>"; };
		7F76A4561E15506900DF8E3C /* Info.plist */ = {isa = PBXFileReference; lastKnownFileType = text.plist.xml; path = Info.plist; sourceTree = "<group>"; };
		7F76A45B1E15506900DF8E3C /* zlfUITests.xctest */ = {isa = PBXFileReference; explicitFileType = wrapper.cfbundle; includeInIndex = 0; path = zlfUITests.xctest; sourceTree = BUILT_PRODUCTS_DIR; };
		7F76A45F1E15506900DF8E3C /* zlfUITests.m */ = {isa = PBXFileReference; lastKnownFileType = sourcecode.c.objc; path = zlfUITests.m; sourceTree = "<group>"; };
		7F76A4611E15506900DF8E3C /* Info.plist */ = {isa = PBXFileReference; lastKnownFileType = text.plist.xml; path = Info.plist; sourceTree = "<group>"; };
		D6151D98AD298391381493FE /* Pods-zlf.release.xcconfig */ = {isa = PBXFileReference; includeInIndex = 1; lastKnownFileType = text.xcconfig; name = "Pods-zlf.release.xcconfig"; path = "Pods/Target Support Files/Pods-zlf/Pods-zlf.release.xcconfig"; sourceTree = "<group>"; };
/* End PBXFileReference section */

/* Begin PBXFrameworksBuildPhase section */
		7F76A4341E15506800DF8E3C /* Frameworks */ = {
			isa = PBXFrameworksBuildPhase;
			buildActionMask = 2147483647;
			files = (
				EC4DB7F9288FFDE92D4776B8 /* Pods_zlf.framework in Frameworks */,
			);
			runOnlyForDeploymentPostprocessing = 0;
		};
		7F76A44D1E15506900DF8E3C /* Frameworks */ = {
			isa = PBXFrameworksBuildPhase;
			buildActionMask = 2147483647;
			files = (
			);
			runOnlyForDeploymentPostprocessing = 0;
		};
		7F76A4581E15506900DF8E3C /* Frameworks */ = {
			isa = PBXFrameworksBuildPhase;
			buildActionMask = 2147483647;
			files = (
			);
			runOnlyForDeploymentPostprocessing = 0;
		};
/* End PBXFrameworksBuildPhase section */

/* Begin PBXGroup section */
		7F76A42E1E15506800DF8E3C = {
			isa = PBXGroup;
			children = (
				7F76A4391E15506800DF8E3C /* zlf */,
				7F76A4531E15506900DF8E3C /* zlfTests */,
				7F76A45E1E15506900DF8E3C /* zlfUITests */,
				7F76A4381E15506800DF8E3C /* Products */,
				DCD56B2267865EED6F826ED9 /* Pods */,
				AFFE2B086CE33AFF09A21624 /* Frameworks */,
			);
			sourceTree = "<group>";
		};
		7F76A4381E15506800DF8E3C /* Products */ = {
			isa = PBXGroup;
			children = (
				7F76A4371E15506800DF8E3C /* zlf.app */,
				7F76A4501E15506900DF8E3C /* zlfTests.xctest */,
				7F76A45B1E15506900DF8E3C /* zlfUITests.xctest */,
			);
			name = Products;
			sourceTree = "<group>";
		};
		7F76A4391E15506800DF8E3C /* zlf */ = {
			isa = PBXGroup;
			children = (
				7F76A43D1E15506800DF8E3C /* AppDelegate.h */,
				7F76A43E1E15506800DF8E3C /* AppDelegate.m */,
				7F76A4401E15506800DF8E3C /* ViewController.h */,
				7F76A4411E15506800DF8E3C /* ViewController.m */,
				7F76A4431E15506800DF8E3C /* Main.storyboard */,
				7F76A4461E15506800DF8E3C /* Assets.xcassets */,
				7F76A4481E15506800DF8E3C /* LaunchScreen.storyboard */,
				7F76A44B1E15506800DF8E3C /* Info.plist */,
				7F76A43A1E15506800DF8E3C /* Supporting Files */,
			);
			path = zlf;
			sourceTree = "<group>";
		};
		7F76A43A1E15506800DF8E3C /* Supporting Files */ = {
			isa = PBXGroup;
			children = (
				7F76A43B1E15506800DF8E3C /* main.m */,
			);
			name = "Supporting Files";
			sourceTree = "<group>";
		};
		7F76A4531E15506900DF8E3C /* zlfTests */ = {
			isa = PBXGroup;
			children = (
				7F76A4541E15506900DF8E3C /* zlfTests.m */,
				7F76A4561E15506900DF8E3C /* Info.plist */,
			);
			path = zlfTests;
			sourceTree = "<group>";
		};
		7F76A45E1E15506900DF8E3C /* zlfUITests */ = {
			isa = PBXGroup;
			children = (
				7F76A45F1E15506900DF8E3C /* zlfUITests.m */,
				7F76A4611E15506900DF8E3C /* Info.plist */,
			);
			path = zlfUITests;
			sourceTree = "<group>";
		};
		AFFE2B086CE33AFF09A21624 /* Frameworks */ = {
			isa = PBXGroup;
			children = (
				28AB8E9152FAAB08B51912D6 /* Pods_zlf.framework */,
			);
			name = Frameworks;
			sourceTree = "<group>";
		};
		DCD56B2267865EED6F826ED9 /* Pods */ = {
			isa = PBXGroup;
			children = (
				5A4F0F46B1736737552E299B /* Pods-zlf.debug.xcconfig */,
				D6151D98AD298391381493FE /* Pods-zlf.release.xcconfig */,
			);
			name = Pods;
			sourceTree = "<group>";
		};
/* End PBXGroup section */

/* Begin PBXNativeTarget section */
		7F76A4361E15506800DF8E3C /* zlf */ = {
			isa = PBXNativeTarget;
			buildConfigurationList = 7F76A4641E15506900DF8E3C /* Build configuration list for PBXNativeTarget "zlf" */;
			buildPhases = (
				D61E648D4F75DFFDE9CEC8AD /* [CP] Check Pods Manifest.lock */,
				7F76A4331E15506800DF8E3C /* Sources */,
				7F76A4341E15506800DF8E3C /* Frameworks */,
				7F76A4351E15506800DF8E3C /* Resources */,
				EFD6E96482D0D583DDCF64EF /* [CP] Embed Pods Frameworks */,
				1D673A44240083FB0869FFCE /* [CP] Copy Pods Resources */,
			);
			buildRules = (
			);
			dependencies = (
			);
			name = zlf;
			productName = zlf;
			productReference = 7F76A4371E15506800DF8E3C /* zlf.app */;
			productType = "com.apple.product-type.application";
		};
		7F76A44F1E15506900DF8E3C /* zlfTests */ = {
			isa = PBXNativeTarget;
			buildConfigurationList = 7F76A4671E15506900DF8E3C /* Build configuration list for PBXNativeTarget "zlfTests" */;
			buildPhases = (
				7F76A44C1E15506900DF8E3C /* Sources */,
				7F76A44D1E15506900DF8E3C /* Frameworks */,
				7F76A44E1E15506900DF8E3C /* Resources */,
			);
			buildRules = (
			);
			dependencies = (
				7F76A4521E15506900DF8E3C /* PBXTargetDependency */,
			);
			name = zlfTests;
			productName = zlfTests;
			productReference = 7F76A4501E15506900DF8E3C /* zlfTests.xctest */;
			productType = "com.apple.product-type.bundle.unit-test";
		};
		7F76A45A1E15506900DF8E3C /* zlfUITests */ = {
			isa = PBXNativeTarget;
			buildConfigurationList = 7F76A46A1E15506900DF8E3C /* Build configuration list for PBXNativeTarget "zlfUITests" */;
			buildPhases = (
				7F76A4571E15506900DF8E3C /* Sources */,
				7F76A4581E15506900DF8E3C /* Frameworks */,
				7F76A4591E15506900DF8E3C /* Resources */,
			);
			buildRules = (
			);
			dependencies = (
				7F76A45D1E15506900DF8E3C /* PBXTargetDependency */,
			);
			name = zlfUITests;
			productName = zlfUITests;
			productReference = 7F76A45B1E15506900DF8E3C /* zlfUITests.xctest */;
			productType = "com.apple.product-type.bundle.ui-testing";
		};
/* End PBXNativeTarget section */

/* Begin PBXProject section */
		7F76A42F1E15506800DF8E3C /* Project object */ = {
			isa = PBXProject;
			attributes = {
				LastUpgradeCheck = 0820;
				ORGANIZATIONNAME = zluof;
				TargetAttributes = {
					7F76A4361E15506800DF8E3C = {
						CreatedOnToolsVersion = 8.2.1;
						DevelopmentTeam = DK3DNWK64E;
						ProvisioningStyle = Automatic;
					};
					7F76A44F1E15506900DF8E3C = {
						CreatedOnToolsVersion = 8.2.1;
						ProvisioningStyle = Automatic;
						TestTargetID = 7F76A4361E15506800DF8E3C;
					};
					7F76A45A1E15506900DF8E3C = {
						CreatedOnToolsVersion = 8.2.1;
						ProvisioningStyle = Automatic;
						TestTargetID = 7F76A4361E15506800DF8E3C;
					};
				};
			};
			buildConfigurationList = 7F76A4321E15506800DF8E3C /* Build configuration list for PBXProject "zlf" */;
			compatibilityVersion = "Xcode 3.2";
			developmentRegion = English;
			hasScannedForEncodings = 0;
			knownRegions = (
				en,
				Base,
			);
			mainGroup = 7F76A42E1E15506800DF8E3C;
			productRefGroup = 7F76A4381E15506800DF8E3C /* Products */;
			projectDirPath = "";
			projectRoot = "";
			targets = (
				7F76A4361E15506800DF8E3C /* zlf */,
				7F76A44F1E15506900DF8E3C /* zlfTests */,
				7F76A45A1E15506900DF8E3C /* zlfUITests */,
			);
		};
/* End PBXProject section */

/* Begin PBXResourcesBuildPhase section */
		7F76A4351E15506800DF8E3C /* Resources */ = {
			isa = PBXResourcesBuildPhase;
			buildActionMask = 2147483647;
			files = (
				7F76A44A1E15506800DF8E3C /* LaunchScreen.storyboard in Resources */,
				7F76A4471E15506800DF8E3C /* Assets.xcassets in Resources */,
				7F76A4451E15506800DF8E3C /* Main.storyboard in Resources */,
			);
			runOnlyForDeploymentPostprocessing = 0;
		};
		7F76A44E1E15506900DF8E3C /* Resources */ = {
			isa = PBXResourcesBuildPhase;
			buildActionMask = 2147483647;
			files = (
			);
			runOnlyForDeploymentPostprocessing = 0;
		};
		7F76A4591E15506900DF8E3C /* Resources */ = {
			isa = PBXResourcesBuildPhase;
			buildActionMask = 2147483647;
			files = (
			);
			runOnlyForDeploymentPostprocessing = 0;
		};
/* End PBXResourcesBuildPhase section */

/* Begin PBXShellScriptBuildPhase section */
		1D673A44240083FB0869FFCE /* [CP] Copy Pods Resources */ = {
			isa = PBXShellScriptBuildPhase;
			buildActionMask = 2147483647;
			files = (
			);
			inputPaths = (
			);
			name = "[CP] Copy Pods Resources";
			outputPaths = (
			);
			runOnlyForDeploymentPostprocessing = 0;
			shellPath = /bin/sh;
			shellScript = "\"${SRCROOT}/Pods/Target Support Files/Pods-zlf/Pods-zlf-resources.sh\"\n";
			showEnvVarsInLog = 0;
		};
		D61E648D4F75DFFDE9CEC8AD /* [CP] Check Pods Manifest.lock */ = {
			isa = PBXShellScriptBuildPhase;
			buildActionMask = 2147483647;
			files = (
			);
			inputPaths = (
			);
			name = "[CP] Check Pods Manifest.lock";
			outputPaths = (
			);
			runOnlyForDeploymentPostprocessing = 0;
			shellPath = /bin/sh;
			shellScript = "diff \"${PODS_ROOT}/../Podfile.lock\" \"${PODS_ROOT}/Manifest.lock\" > /dev/null\nif [ $? != 0 ] ; then\n    # print error to STDERR\n    echo \"error: The sandbox is not in sync with the Podfile.lock. Run 'pod install' or update your CocoaPods installation.\" >&2\n    exit 1\nfi\n";
			showEnvVarsInLog = 0;
		};
		EFD6E96482D0D583DDCF64EF /* [CP] Embed Pods Frameworks */ = {
			isa = PBXShellScriptBuildPhase;
			buildActionMask = 2147483647;
			files = (
			);
			inputPaths = (
			);
			name = "[CP] Embed Pods Frameworks";
			outputPaths = (
			);
			runOnlyForDeploymentPostprocessing = 0;
			shellPath = /bin/sh;
			shellScript = "\"${SRCROOT}/Pods/Target Support Files/Pods-zlf/Pods-zlf-frameworks.sh\"\n";
			showEnvVarsInLog = 0;
		};
/* End PBXShellScriptBuildPhase section */

/* Begin PBXSourcesBuildPhase section */
		7F76A4331E15506800DF8E3C /* Sources */ = {
			isa = PBXSourcesBuildPhase;
			buildActionMask = 2147483647;
			files = (
				7F76A4421E15506800DF8E3C /* ViewController.m in Sources */,
				7F76A43F1E15506800DF8E3C /* AppDelegate.m in Sources */,
				7F76A43C1E15506800DF8E3C /* main.m in Sources */,
			);
			runOnlyForDeploymentPostprocessing = 0;
		};
		7F76A44C1E15506900DF8E3C /* Sources */ = {
			isa = PBXSourcesBuildPhase;
			buildActionMask = 2147483647;
			files = (
				7F76A4551E15506900DF8E3C /* zlfTests.m in Sources */,
			);
			runOnlyForDeploymentPostprocessing = 0;
		};
		7F76A4571E15506900DF8E3C /* Sources */ = {
			isa = PBXSourcesBuildPhase;
			buildActionMask = 2147483647;
			files = (
				7F76A4601E15506900DF8E3C /* zlfUITests.m in Sources */,
			);
			runOnlyForDeploymentPostprocessing = 0;
		};
/* End PBXSourcesBuildPhase section */

/* Begin PBXTargetDependency section */
		7F76A4521E15506900DF8E3C /* PBXTargetDependency */ = {
			isa = PBXTargetDependency;
			target = 7F76A4361E15506800DF8E3C /* zlf */;
			targetProxy = 7F76A4511E15506900DF8E3C /* PBXContainerItemProxy */;
		};
		7F76A45D1E15506900DF8E3C /* PBXTargetDependency */ = {
			isa = PBXTargetDependency;
			target = 7F76A4361E15506800DF8E3C /* zlf */;
			targetProxy = 7F76A45C1E15506900DF8E3C /* PBXContainerItemProxy */;
		};
/* End PBXTargetDependency section */

/* Begin PBXVariantGroup section */
		7F76A4431E15506800DF8E3C /* Main.storyboard */ = {
			isa = PBXVariantGroup;
			children = (
				7F76A4441E15506800DF8E3C /* Base */,
			);
			name = Main.storyboard;
			sourceTree = "<group>";
		};
		7F76A4481E15506800DF8E3C /* LaunchScreen.storyboard */ = {
			isa = PBXVariantGroup;
			children = (
				7F76A4491E15506800DF8E3C /* Base */,
			);
			name = LaunchScreen.storyboard;
			sourceTree = "<group>";
		};
/* End PBXVariantGroup section */

/* Begin XCBuildConfiguration section */
		7F76A4621E15506900DF8E3C /* Debug */ = {
			isa = XCBuildConfiguration;
			buildSettings = {
				ALWAYS_SEARCH_USER_PATHS = NO;
				CLANG_ANALYZER_NONNULL = YES;
				CLANG_CXX_LANGUAGE_STANDARD = "gnu++0x";
				CLANG_CXX_LIBRARY = "libc++";
				CLANG_ENABLE_MODULES = YES;
				CLANG_ENABLE_OBJC_ARC = YES;
				CLANG_WARN_BOOL_CONVERSION = YES;
				CLANG_WARN_CONSTANT_CONVERSION = YES;
				CLANG_WARN_DIRECT_OBJC_ISA_USAGE = YES_ERROR;
				CLANG_WARN_DOCUMENTATION_COMMENTS = YES;
				CLANG_WARN_EMPTY_BODY = YES;
				CLANG_WARN_ENUM_CONVERSION = YES;
				CLANG_WARN_INFINITE_RECURSION = YES;
				CLANG_WARN_INT_CONVERSION = YES;
				CLANG_WARN_OBJC_ROOT_CLASS = YES_ERROR;
				CLANG_WARN_SUSPICIOUS_MOVE = YES;
				CLANG_WARN_UNREACHABLE_CODE = YES;
				CLANG_WARN__DUPLICATE_METHOD_MATCH = YES;
				"CODE_SIGN_IDENTITY[sdk=iphoneos*]" = "iPhone Developer";
				COPY_PHASE_STRIP = NO;
				DEBUG_INFORMATION_FORMAT = dwarf;
				ENABLE_STRICT_OBJC_MSGSEND = YES;
				ENABLE_TESTABILITY = YES;
				GCC_C_LANGUAGE_STANDARD = gnu99;
				GCC_DYNAMIC_NO_PIC = NO;
				GCC_NO_COMMON_BLOCKS = YES;
				GCC_OPTIMIZATION_LEVEL = 0;
				GCC_PREPROCESSOR_DEFINITIONS = (
					"DEBUG=1",
					"$(inherited)",
				);
				GCC_WARN_64_TO_32_BIT_CONVERSION = YES;
				GCC_WARN_ABOUT_RETURN_TYPE = YES_ERROR;
				GCC_WARN_UNDECLARED_SELECTOR = YES;
				GCC_WARN_UNINITIALIZED_AUTOS = YES_AGGRESSIVE;
				GCC_WARN_UNUSED_FUNCTION = YES;
				GCC_WARN_UNUSED_VARIABLE = YES;
				IPHONEOS_DEPLOYMENT_TARGET = 10.2;
				MTL_ENABLE_DEBUG_INFO = YES;
				ONLY_ACTIVE_ARCH = YES;
				SDKROOT = iphoneos;
				TARGETED_DEVICE_FAMILY = "1,2";
			};
			name = Debug;
		};
		7F76A4631E15506900DF8E3C /* Release */ = {
			isa = XCBuildConfiguration;
			buildSettings = {
				ALWAYS_SEARCH_USER_PATHS = NO;
				CLANG_ANALYZER_NONNULL = YES;
				CLANG_CXX_LANGUAGE_STANDARD = "gnu++0x";
				CLANG_CXX_LIBRARY = "libc++";
				CLANG_ENABLE_MODULES = YES;
				CLANG_ENABLE_OBJC_ARC = YES;
				CLANG_WARN_BOOL_CONVERSION = YES;
				CLANG_WARN_CONSTANT_CONVERSION = YES;
				CLANG_WARN_DIRECT_OBJC_ISA_USAGE = YES_ERROR;
				CLANG_WARN_DOCUMENTATION_COMMENTS = YES;
				CLANG_WARN_EMPTY_BODY = YES;
				CLANG_WARN_ENUM_CONVERSION = YES;
				CLANG_WARN_INFINITE_RECURSION = YES;
				CLANG_WARN_INT_CONVERSION = YES;
				CLANG_WARN_OBJC_ROOT_CLASS = YES_ERROR;
				CLANG_WARN_SUSPICIOUS_MOVE = YES;
				CLANG_WARN_UNREACHABLE_CODE = YES;
				CLANG_WARN__DUPLICATE_METHOD_MATCH = YES;
				"CODE_SIGN_IDENTITY[sdk=iphoneos*]" = "iPhone Developer";
				COPY_PHASE_STRIP = NO;
				DEBUG_INFORMATION_FORMAT = "dwarf-with-dsym";
				ENABLE_NS_ASSERTIONS = NO;
				ENABLE_STRICT_OBJC_MSGSEND = YES;
				GCC_C_LANGUAGE_STANDARD = gnu99;
				GCC_NO_COMMON_BLOCKS = YES;
				GCC_WARN_64_TO_32_BIT_CONVERSION = YES;
				GCC_WARN_ABOUT_RETURN_TYPE = YES_ERROR;
				GCC_WARN_UNDECLARED_SELECTOR = YES;
				GCC_WARN_UNINITIALIZED_AUTOS = YES_AGGRESSIVE;
				GCC_WARN_UNUSED_FUNCTION = YES;
				GCC_WARN_UNUSED_VARIABLE = YES;
				IPHONEOS_DEPLOYMENT_TARGET = 10.2;
				MTL_ENABLE_DEBUG_INFO = NO;
				SDKROOT = iphoneos;
				TARGETED_DEVICE_FAMILY = "1,2";
				VALIDATE_PRODUCT = YES;
			};
			name = Release;
		};
		7F76A4651E15506900DF8E3C /* Debug */ = {
			isa = XCBuildConfiguration;
			baseConfigurationReference = 5A4F0F46B1736737552E299B /* Pods-zlf.debug.xcconfig */;
			buildSettings = {
				ASSETCATALOG_COMPILER_APPICON_NAME = AppIcon;
				DEVELOPMENT_TEAM = DK3DNWK64E;
				INFOPLIST_FILE = zlf/Info.plist;
				LD_RUNPATH_SEARCH_PATHS = "$(inherited) @executable_path/Frameworks";
				PRODUCT_BUNDLE_IDENTIFIER = zluof.zlf;
				PRODUCT_NAME = "$(TARGET_NAME)";
				USER_HEADER_SEARCH_PATHS = "${SRCROOT}/**";
			};
			name = Debug;
		};
		7F76A4661E15506900DF8E3C /* Release */ = {
			isa = XCBuildConfiguration;
			baseConfigurationReference = D6151D98AD298391381493FE /* Pods-zlf.release.xcconfig */;
			buildSettings = {
				ASSETCATALOG_COMPILER_APPICON_NAME = AppIcon;
				DEVELOPMENT_TEAM = DK3DNWK64E;
				INFOPLIST_FILE = zlf/Info.plist;
				LD_RUNPATH_SEARCH_PATHS = "$(inherited) @executable_path/Frameworks";
				PRODUCT_BUNDLE_IDENTIFIER = zluof.zlf;
				PRODUCT_NAME = "$(TARGET_NAME)";
				USER_HEADER_SEARCH_PATHS = "${SRCROOT}/**";
			};
			name = Release;
		};
		7F76A4681E15506900DF8E3C /* Debug */ = {
			isa = XCBuildConfiguration;
			buildSettings = {
				BUNDLE_LOADER = "$(TEST_HOST)";
				INFOPLIST_FILE = zlfTests/Info.plist;
				LD_RUNPATH_SEARCH_PATHS = "$(inherited) @executable_path/Frameworks @loader_path/Frameworks";
				PRODUCT_BUNDLE_IDENTIFIER = zluof.zlfTests;
				PRODUCT_NAME = "$(TARGET_NAME)";
				TEST_HOST = "$(BUILT_PRODUCTS_DIR)/zlf.app/zlf";
			};
			name = Debug;
		};
		7F76A4691E15506900DF8E3C /* Release */ = {
			isa = XCBuildConfiguration;
			buildSettings = {
				BUNDLE_LOADER = "$(TEST_HOST)";
				INFOPLIST_FILE = zlfTests/Info.plist;
				LD_RUNPATH_SEARCH_PATHS = "$(inherited) @executable_path/Frameworks @loader_path/Frameworks";
				PRODUCT_BUNDLE_IDENTIFIER = zluof.zlfTests;
				PRODUCT_NAME = "$(TARGET_NAME)";
				TEST_HOST = "$(BUILT_PRODUCTS_DIR)/zlf.app/zlf";
			};
			name = Release;
		};
		7F76A46B1E15506900DF8E3C /* Debug */ = {
			isa = XCBuildConfiguration;
			buildSettings = {
				INFOPLIST_FILE = zlfUITests/Info.plist;
				LD_RUNPATH_SEARCH_PATHS = "$(inherited) @executable_path/Frameworks @loader_path/Frameworks";
				PRODUCT_BUNDLE_IDENTIFIER = zluof.zlfUITests;
				PRODUCT_NAME = "$(TARGET_NAME)";
				TEST_TARGET_NAME = zlf;
			};
			name = Debug;
		};
		7F76A46C1E15506900DF8E3C /* Release */ = {
			isa = XCBuildConfiguration;
			buildSettings = {
				INFOPLIST_FILE = zlfUITests/Info.plist;
				LD_RUNPATH_SEARCH_PATHS = "$(inherited) @executable_path/Frameworks @loader_path/Frameworks";
				PRODUCT_BUNDLE_IDENTIFIER = zluof.zlfUITests;
				PRODUCT_NAME = "$(TARGET_NAME)";
				TEST_TARGET_NAME = zlf;
			};
			name = Release;
		};
/* End XCBuildConfiguration section */

/* Begin XCConfigurationList section */
		7F76A4321E15506800DF8E3C /* Build configuration list for PBXProject "zlf" */ = {
			isa = XCConfigurationList;
			buildConfigurations = (
				7F76A4621E15506900DF8E3C /* Debug */,
				7F76A4631E15506900DF8E3C /* Release */,
			);
			defaultConfigurationIsVisible = 0;
			defaultConfigurationName = Release;
		};
		7F76A4641E15506900DF8E3C /* Build configuration list for PBXNativeTarget "zlf" */ = {
			isa = XCConfigurationList;
			buildConfigurations = (
				7F76A4651E15506900DF8E3C /* Debug */,
				7F76A4661E15506900DF8E3C /* Release */,
			);
			defaultConfigurationIsVisible = 0;
			defaultConfigurationName = Release;
		};
		7F76A4671E15506900DF8E3C /* Build configuration list for PBXNativeTarget "zlfTests" */ = {
			isa = XCConfigurationList;
			buildConfigurations = (
				7F76A4681E15506900DF8E3C /* Debug */,
				7F76A4691E15506900DF8E3C /* Release */,
			);
			defaultConfigurationIsVisible = 0;
			defaultConfigurationName = Release;
		};
		7F76A46A1E15506900DF8E3C /* Build configuration list for PBXNativeTarget "zlfUITests" */ = {
			isa = XCConfigurationList;
			buildConfigurations = (
				7F76A46B1E15506900DF8E3C /* Debug */,
				7F76A46C1E15506900DF8E3C /* Release */,
			);
			defaultConfigurationIsVisible = 0;
			defaultConfigurationName = Release;
		};
/* End XCConfigurationList section */
	};
	rootObject = 7F76A42F1E15506800DF8E3C /* Project object */;
}
